
Microsoft Visual Studio Solution File, Format Version 12.00
# Visual Studio 14
VisualStudioVersion = 14.0.22823.1
MinimumVisualStudioVersion = 10.0.40219.1
Project("{FAE04EC0-301F-11D3-BF4B-00C04F79EFBC}") = "MyAPI2.AuthorizationServer", "MyAPI2\MyAPI2.AuthorizationServer.csproj", "{74BEE039-B07A-4C6B-8035-A1BDC3AA22B9}"
EndProject
Project("{FAE04EC0-301F-11D3-BF4B-00C04F79EFBC}") = "MyAPI2.ResourceServer", "WebApplication2\MyAPI2.ResourceServer.csproj", "{5B5B0290-EABF-4CB9-8625-A852F39A13F9}"
EndProject
Global
	GlobalSection(SolutionConfigurationPlatforms) = preSolution
		Debug|Any CPU = Debug|Any CPU
		Release|Any CPU = Release|Any CPU
	EndGlobalSection
	GlobalSection(ProjectConfigurationPlatforms) = postSolution
		{74BEE039-B07A-4C6B-8035-A1BDC3AA22B9}.Debug|Any CPU.ActiveCfg = Debug|Any CPU
		{74BEE039-B07A-4C6B-8035-A1BDC3AA22B9}.Debug|Any CPU.Build.0 = Debug|Any CPU
		{74BEE039-B07A-4C6B-8035-A1BDC3AA22B9}.Release|Any CPU.ActiveCfg = Release|Any CPU
		{74BEE039-B07A-4C6B-8035-A1BDC3AA22B9}.Release|Any CPU.Build.0 = Release|Any CPU
		{5B5B0290-EABF-4CB9-8625-A852F39A13F9}.Debug|Any CPU.ActiveCfg = Debug|Any CPU
		{5B5B0290-EABF-4CB9-8625-A852F39A13F9}.Debug|Any CPU.Build.0 = Debug|Any CPU
		{5B5B0290-EABF-4CB9-8625-A852F39A13F9}.Release|Any CPU.ActiveCfg = Release|Any CPU
		{5B5B0290-EABF-4CB9-8625-A852F39A13F9}.Release|Any CPU.Build.0 = Release|Any CPU
	EndGlobalSection
	GlobalSection(SolutionProperties) = preSolution
		HideSolutionNode = FALSE
	EndGlobalSection
EndGlobal
